// !$*UTF8*$!
{
	archiveVersion = 1;
	classes = {
	};
	objectVersion = 55;
	objects = {

/* Begin PBXBuildFile section */
		63180E9B27D23B05002BA4CE /* AppDelegate.swift in Sources */ = {isa = PBXBuildFile; fileRef = 63180E9A27D23B05002BA4CE /* AppDelegate.swift */; };
		63180E9D27D23B06002BA4CE /* SceneDelegate.swift in Sources */ = {isa = PBXBuildFile; fileRef = 63180E9C27D23B06002BA4CE /* SceneDelegate.swift */; };
		63180E9F27D23B06002BA4CE /* FirstViewController.swift in Sources */ = {isa = PBXBuildFile; fileRef = 63180E9E27D23B06002BA4CE /* FirstViewController.swift */; };
		63180EA227D23B06002BA4CE /* Main.storyboard in Resources */ = {isa = PBXBuildFile; fileRef = 63180EA027D23B06002BA4CE /* Main.storyboard */; };
		63180EA427D23B08002BA4CE /* Assets.xcassets in Resources */ = {isa = PBXBuildFile; fileRef = 63180EA327D23B08002BA4CE /* Assets.xcassets */; };
		63180EA727D23B08002BA4CE /* LaunchScreen.storyboard in Resources */ = {isa = PBXBuildFile; fileRef = 63180EA527D23B08002BA4CE /* LaunchScreen.storyboard */; };
		63180EB227D2405B002BA4CE /* ThirdViewController.swift in Sources */ = {isa = PBXBuildFile; fileRef = 63180EB127D2405B002BA4CE /* ThirdViewController.swift */; };
		63180EB427D2407D002BA4CE /* SecondViewController.swift in Sources */ = {isa = PBXBuildFile; fileRef = 63180EB327D2407D002BA4CE /* SecondViewController.swift */; };
		63180EB627D240A9002BA4CE /* ForthViewController.swift in Sources */ = {isa = PBXBuildFile; fileRef = 63180EB527D240A9002BA4CE /* ForthViewController.swift */; };
		63180EB827D240BF002BA4CE /* FifthViewController.swift in Sources */ = {isa = PBXBuildFile; fileRef = 63180EB727D240BF002BA4CE /* FifthViewController.swift */; };
		63180EBA27D6015F002BA4CE /* File.swift in Sources */ = {isa = PBXBuildFile; fileRef = 63180EB927D6015F002BA4CE /* File.swift */; };
/* End PBXBuildFile section */

/* Begin PBXFileReference section */
		63180E9727D23B05002BA4CE /* Hw7.app */ = {isa = PBXFileReference; explicitFileType = wrapper.application; includeInIndex = 0; path = Hw7.app; sourceTree = BUILT_PRODUCTS_DIR; };
		63180E9A27D23B05002BA4CE /* AppDelegate.swift */ = {isa = PBXFileReference; lastKnownFileType = sourcecode.swift; path = AppDelegate.swift; sourceTree = "<group>"; };
		63180E9C27D23B06002BA4CE /* SceneDelegate.swift */ = {isa = PBXFileReference; lastKnownFileType = sourcecode.swift; path = SceneDelegate.swift; sourceTree = "<group>"; };
		63180E9E27D23B06002BA4CE /* FirstViewController.swift */ = {isa = PBXFileReference; lastKnownFileType = sourcecode.swift; path = FirstViewController.swift; sourceTree = "<group>"; };
		63180EA127D23B06002BA4CE /* Base */ = {isa = PBXFileReference; lastKnownFileType = file.storyboard; name = Base; path = Base.lproj/Main.storyboard; sourceTree = "<group>"; };
		63180EA327D23B08002BA4CE /* Assets.xcassets */ = {isa = PBXFileReference; lastKnownFileType = folder.assetcatalog; path = Assets.xcassets; sourceTree = "<group>"; };
		63180EA627D23B08002BA4CE /* Base */ = {isa = PBXFileReference; lastKnownFileType = file.storyboard; name = Base; path = Base.lproj/LaunchScreen.storyboard; sourceTree = "<group>"; };
		63180EA827D23B08002BA4CE /* Info.plist */ = {isa = PBXFileReference; lastKnownFileType = text.plist.xml; path = Info.plist; sourceTree = "<group>"; };
		63180EB127D2405B002BA4CE /* ThirdViewController.swift */ = {isa = PBXFileReference; lastKnownFileType = sourcecode.swift; path = ThirdViewController.swift; sourceTree = "<group>"; };
		63180EB327D2407D002BA4CE /* SecondViewController.swift */ = {isa = PBXFileReference; lastKnownFileType = sourcecode.swift; path = SecondViewController.swift; sourceTree = "<group>"; };
		63180EB527D240A9002BA4CE /* ForthViewController.swift */ = {isa = PBXFileReference; lastKnownFileType = sourcecode.swift; path = ForthViewController.swift; sourceTree = "<group>"; };
		63180EB727D240BF002BA4CE /* FifthViewController.swift */ = {isa = PBXFileReference; lastKnownFileType = sourcecode.swift; path = FifthViewController.swift; sourceTree = "<group>"; };
		63180EB927D6015F002BA4CE /* File.swift */ = {isa = PBXFileReference; lastKnownFileType = sourcecode.swift; path = File.swift; sourceTree = "<group>"; };
/* End PBXFileReference section */

/* Begin PBXFrameworksBuildPhase section */
		63180E9427D23B05002BA4CE /* Frameworks */ = {
			isa = PBXFrameworksBuildPhase;
			buildActionMask = 2147483647;
			files = (
			);
			runOnlyForDeploymentPostprocessing = 0;
		};
/* End PBXFrameworksBuildPhase section */

/* Begin PBXGroup section */
		63180E8E27D23B05002BA4CE = {
			isa = PBXGroup;
			children = (
				63180E9927D23B05002BA4CE /* Hw7 */,
				63180E9827D23B05002BA4CE /* Products */,
			);
			sourceTree = "<group>";
		};
		63180E9827D23B05002BA4CE /* Products */ = {
			isa = PBXGroup;
			children = (
				63180E9727D23B05002BA4CE /* Hw7.app */,
			);
			name = Products;
			sourceTree = "<group>";
		};
		63180E9927D23B05002BA4CE /* Hw7 */ = {
			isa = PBXGroup;
			children = (
				63180E9A27D23B05002BA4CE /* AppDelegate.swift */,
				63180E9C27D23B06002BA4CE /* SceneDelegate.swift */,
				63180E9E27D23B06002BA4CE /* FirstViewController.swift */,
				63180EB327D2407D002BA4CE /* SecondViewController.swift */,
				63180EB127D2405B002BA4CE /* ThirdViewController.swift */,
				63180EB527D240A9002BA4CE /* ForthViewController.swift */,
				63180EB727D240BF002BA4CE /* FifthViewController.swift */,
				63180EB927D6015F002BA4CE /* File.swift */,
				63180EA027D23B06002BA4CE /* Main.storyboard */,
				63180EA327D23B08002BA4CE /* Assets.xcassets */,
				63180EA527D23B08002BA4CE /* LaunchScreen.storyboard */,
				63180EA827D23B08002BA4CE /* Info.plist */,
			);
			path = Hw7;
			sourceTree = "<group>";
		};
/* End PBXGroup section */

/* Begin PBXNativeTarget section */
		63180E9627D23B05002BA4CE /* Hw7 */ = {
			isa = PBXNativeTarget;
			buildConfigurationList = 63180EAB27D23B08002BA4CE /* Build configuration list for PBXNativeTarget "Hw7" */;
			buildPhases = (
				63180E9327D23B05002BA4CE /* Sources */,
				63180E9427D23B05002BA4CE /* Frameworks */,
				63180E9527D23B05002BA4CE /* Resources */,
			);
			buildRules = (
			);
			dependencies = (
			);
			name = Hw7;
			productName = Hw7;
			productReference = 63180E9727D23B05002BA4CE /* Hw7.app */;
			productType = "com.apple.product-type.application";
		};
/* End PBXNativeTarget section */

/* Begin PBXProject section */
		63180E8F27D23B05002BA4CE /* Project object */ = {
			isa = PBXProject;
			attributes = {
				BuildIndependentTargetsInParallel = 1;
				LastSwiftUpdateCheck = 1320;
				LastUpgradeCheck = 1320;
				TargetAttributes = {
					63180E9627D23B05002BA4CE = {
						CreatedOnToolsVersion = 13.2.1;
					};
				};
			};
			buildConfigurationList = 63180E9227D23B05002BA4CE /* Build configuration list for PBXProject "Hw7" */;
			compatibilityVersion = "Xcode 13.0";
			developmentRegion = en;
			hasScannedForEncodings = 0;
			knownRegions = (
				en,
				Base,
			);
			mainGroup = 63180E8E27D23B05002BA4CE;
			productRefGroup = 63180E9827D23B05002BA4CE /* Products */;
			projectDirPath = "";
			projectRoot = "";
			targets = (
				63180E9627D23B05002BA4CE /* Hw7 */,
			);
		};
/* End PBXProject section */

/* Begin PBXResourcesBuildPhase section */
		63180E9527D23B05002BA4CE /* Resources */ = {
			isa = PBXResourcesBuildPhase;
			buildActionMask = 2147483647;
			files = (
				63180EA727D23B08002BA4CE /* LaunchScreen.storyboard in Resources */,
				63180EA427D23B08002BA4CE /* Assets.xcassets in Resources */,
				63180EA227D23B06002BA4CE /* Main.storyboard in Resources */,
			);
			runOnlyForDeploymentPostprocessing = 0;
		};
/* End PBXResourcesBuildPhase section */

/* Begin PBXSourcesBuildPhase section */
		63180E9327D23B05002BA4CE /* Sources */ = {
			isa = PBXSourcesBuildPhase;
			buildActionMask = 2147483647;
			files = (
				63180EB627D240A9002BA4CE /* ForthViewController.swift in Sources */,
				63180E9F27D23B06002BA4CE /* FirstViewController.swift in Sources */,
				63180EB227D2405B002BA4CE /* ThirdViewController.swift in Sources */,
				63180E9B27D23B05002BA4CE /* AppDelegate.swift in Sources */,
				63180EB427D2407D002BA4CE /* SecondViewController.swift in Sources */,
				63180EBA27D6015F002BA4CE /* File.swift in Sources */,
				63180E9D27D23B06002BA4CE /* SceneDelegate.swift in Sources */,
				63180EB827D240BF002BA4CE /* FifthViewController.swift in Sources */,
			);
			runOnlyForDeploymentPostprocessing = 0;
		};
/* End PBXSourcesBuildPhase section */

/* Begin PBXVariantGroup section */
		63180EA027D23B06002BA4CE /* Main.storyboard */ = {
			isa = PBXVariantGroup;
			children = (
				63180EA127D23B06002BA4CE /* Base */,
			);
			name = Main.storyboard;
			sourceTree = "<group>";
		};
		63180EA527D23B08002BA4CE /* LaunchScreen.storyboard */ = {
			isa = PBXVariantGroup;
			children = (
				63180EA627D23B08002BA4CE /* Base */,
			);
			name = LaunchScreen.storyboard;
			sourceTree = "<group>";
		};
/* End PBXVariantGroup section */

/* Begin XCBuildConfiguration section */
		63180EA927D23B08002BA4CE /* Debug */ = {
			isa = XCBuildConfiguration;
			buildSettings = {
				ALWAYS_SEARCH_USER_PATHS = NO;
				CLANG_ANALYZER_NONNULL = YES;
				CLANG_ANALYZER_NUMBER_OBJECT_CONVERSION = YES_AGGRESSIVE;
				CLANG_CXX_LANGUAGE_STANDARD = "gnu++17";
				CLANG_CXX_LIBRARY = "libc++";
				CLANG_ENABLE_MODULES = YES;
				CLANG_ENABLE_OBJC_ARC = YES;
				CLANG_ENABLE_OBJC_WEAK = YES;
				CLANG_WARN_BLOCK_CAPTURE_AUTORELEASING = YES;
				CLANG_WARN_BOOL_CONVERSION = YES;
				CLANG_WARN_COMMA = YES;
				CLANG_WARN_CONSTANT_CONVERSION = YES;
				CLANG_WARN_DEPRECATED_OBJC_IMPLEMENTATIONS = YES;
				CLANG_WARN_DIRECT_OBJC_ISA_USAGE = YES_ERROR;
				CLANG_WARN_DOCUMENTATION_COMMENTS = YES;
				CLANG_WARN_EMPTY_BODY = YES;
				CLANG_WARN_ENUM_CONVERSION = YES;
				CLANG_WARN_INFINITE_RECURSION = YES;
				CLANG_WARN_INT_CONVERSION = YES;
				CLANG_WARN_NON_LITERAL_NULL_CONVERSION = YES;
				CLANG_WARN_OBJC_IMPLICIT_RETAIN_SELF = YES;
				CLANG_WARN_OBJC_LITERAL_CONVERSION = YES;
				CLANG_WARN_OBJC_ROOT_CLASS = YES_ERROR;
				CLANG_WARN_QUOTED_INCLUDE_IN_FRAMEWORK_HEADER = YES;
				CLANG_WARN_RANGE_LOOP_ANALYSIS = YES;
				CLANG_WARN_STRICT_PROTOTYPES = YES;
				CLANG_WARN_SUSPICIOUS_MOVE = YES;
				CLANG_WARN_UNGUARDED_AVAILABILITY = YES_AGGRESSIVE;
				CLANG_WARN_UNREACHABLE_CODE = YES;
				CLANG_WARN__DUPLICATE_METHOD_MATCH = YES;
				COPY_PHASE_STRIP = NO;
				DEBUG_INFORMATION_FORMAT = dwarf;
				ENABLE_STRICT_OBJC_MSGSEND = YES;
				ENABLE_TESTABILITY = YES;
				GCC_C_LANGUAGE_STANDARD = gnu11;
				GCC_DYNAMIC_NO_PIC = NO;
				GCC_NO_COMMON_BLOCKS = YES;
				GCC_OPTIMIZATION_LEVEL = 0;
				GCC_PREPROCESSOR_DEFINITIONS = (
					"DEBUG=1",
					"$(inherited)",
				);
				GCC_WARN_64_TO_32_BIT_CONVERSION = YES;
				GCC_WARN_ABOUT_RETURN_TYPE = YES_ERROR;
				GCC_WARN_UNDECLARED_SELECTOR = YES;
				GCC_WARN_UNINITIALIZED_AUTOS = YES_AGGRESSIVE;
				GCC_WARN_UNUSED_FUNCTION = YES;
				GCC_WARN_UNUSED_VARIABLE = YES;
				IPHONEOS_DEPLOYMENT_TARGET = 15.2;
				MTL_ENABLE_DEBUG_INFO = INCLUDE_SOURCE;
				MTL_FAST_MATH = YES;
				ONLY_ACTIVE_ARCH = YES;
				SDKROOT = iphoneos;
				SWIFT_ACTIVE_COMPILATION_CONDITIONS = DEBUG;
				SWIFT_OPTIMIZATION_LEVEL = "-Onone";
			};
			name = Debug;
		};
		63180EAA27D23B08002BA4CE /* Release */ = {
			isa = XCBuildConfiguration;
			buildSettings = {
				ALWAYS_SEARCH_USER_PATHS = NO;
				CLANG_ANALYZER_NONNULL = YES;
				CLANG_ANALYZER_NUMBER_OBJECT_CONVERSION = YES_AGGRESSIVE;
				CLANG_CXX_LANGUAGE_STANDARD = "gnu++17";
				CLANG_CXX_LIBRARY = "libc++";
				CLANG_ENABLE_MODULES = YES;
				CLANG_ENABLE_OBJC_ARC = YES;
				CLANG_ENABLE_OBJC_WEAK = YES;
				CLANG_WARN_BLOCK_CAPTURE_AUTORELEASING = YES;
				CLANG_WARN_BOOL_CONVERSION = YES;
				CLANG_WARN_COMMA = YES;
				CLANG_WARN_CONSTANT_CONVERSION = YES;
				CLANG_WARN_DEPRECATED_OBJC_IMPLEMENTATIONS = YES;
				CLANG_WARN_DIRECT_OBJC_ISA_USAGE = YES_ERROR;
				CLANG_WARN_DOCUMENTATION_COMMENTS = YES;
				CLANG_WARN_EMPTY_BODY = YES;
				CLANG_WARN_ENUM_CONVERSION = YES;
				CLANG_WARN_INFINITE_RECURSION = YES;
				CLANG_WARN_INT_CONVERSION = YES;
				CLANG_WARN_NON_LITERAL_NULL_CONVERSION = YES;
				CLANG_WARN_OBJC_IMPLICIT_RETAIN_SELF = YES;
				CLANG_WARN_OBJC_LITERAL_CONVERSION = YES;
				CLANG_WARN_OBJC_ROOT_CLASS = YES_ERROR;
				CLANG_WARN_QUOTED_INCLUDE_IN_FRAMEWORK_HEADER = YES;
				CLANG_WARN_RANGE_LOOP_ANALYSIS = YES;
				CLANG_WARN_STRICT_PROTOTYPES = YES;
				CLANG_WARN_SUSPICIOUS_MOVE = YES;
				CLANG_WARN_UNGUARDED_AVAILABILITY = YES_AGGRESSIVE;
				CLANG_WARN_UNREACHABLE_CODE = YES;
				CLANG_WARN__DUPLICATE_METHOD_MATCH = YES;
				COPY_PHASE_STRIP = NO;
				DEBUG_INFORMATION_FORMAT = "dwarf-with-dsym";
				ENABLE_NS_ASSERTIONS = NO;
				ENABLE_STRICT_OBJC_MSGSEND = YES;
				GCC_C_LANGUAGE_STANDARD = gnu11;
				GCC_NO_COMMON_BLOCKS = YES;
				GCC_WARN_64_TO_32_BIT_CONVERSION = YES;
				GCC_WARN_ABOUT_RETURN_TYPE = YES_ERROR;
				GCC_WARN_UNDECLARED_SELECTOR = YES;
				GCC_WARN_UNINITIALIZED_AUTOS = YES_AGGRESSIVE;
				GCC_WARN_UNUSED_FUNCTION = YES;
				GCC_WARN_UNUSED_VARIABLE = YES;
				IPHONEOS_DEPLOYMENT_TARGET = 15.2;
				MTL_ENABLE_DEBUG_INFO = NO;
				MTL_FAST_MATH = YES;
				SDKROOT = iphoneos;
				SWIFT_COMPILATION_MODE = wholemodule;
				SWIFT_OPTIMIZATION_LEVEL = "-O";
				VALIDATE_PRODUCT = YES;
			};
			name = Release;
		};
		63180EAC27D23B08002BA4CE /* Debug */ = {
			isa = XCBuildConfiguration;
			buildSettings = {
				ASSETCATALOG_COMPILER_APPICON_NAME = AppIcon;
				ASSETCATALOG_COMPILER_GLOBAL_ACCENT_COLOR_NAME = AccentColor;
				CODE_SIGN_STYLE = Automatic;
				CURRENT_PROJECT_VERSION = 1;
				DEVELOPMENT_TEAM = 2SPZTGY23T;
				GENERATE_INFOPLIST_FILE = YES;
				INFOPLIST_FILE = Hw7/Info.plist;
				INFOPLIST_KEY_UIApplicationSupportsIndirectInputEvents = YES;
				INFOPLIST_KEY_UILaunchStoryboardName = LaunchScreen;
				INFOPLIST_KEY_UIMainStoryboardFile = Main;
				INFOPLIST_KEY_UISupportedInterfaceOrientations_iPad = "UIInterfaceOrientationPortrait UIInterfaceOrientationPortraitUpsideDown UIInterfaceOrientationLandscapeLeft UIInterfaceOrientationLandscapeRight";
				INFOPLIST_KEY_UISupportedInterfaceOrientations_iPhone = "UIInterfaceOrientationPortrait UIInterfaceOrientationLandscapeLeft UIInterfaceOrientationLandscapeRight";
				LD_RUNPATH_SEARCH_PATHS = (
					"$(inherited)",
					"@executable_path/Frameworks",
				);
				MARKETING_VERSION = 1.0;
				PRODUCT_BUNDLE_IDENTIFIER = by.sergeyuk.Hw7;
				PRODUCT_NAME = "$(TARGET_NAME)";
				SWIFT_EMIT_LOC_STRINGS = YES;
				SWIFT_VERSION = 5.0;
				TARGETED_DEVICE_FAMILY = "1,2";
			};
			name = Debug;
		};
		63180EAD27D23B08002BA4CE /* Release */ = {
			isa = XCBuildConfiguration;
			buildSettings = {
				ASSETCATALOG_COMPILER_APPICON_NAME = AppIcon;
				ASSETCATALOG_COMPILER_GLOBAL_ACCENT_COLOR_NAME = AccentColor;
				CODE_SIGN_STYLE = Automatic;
				CURRENT_PROJECT_VERSION = 1;
				DEVELOPMENT_TEAM = 2SPZTGY23T;
				GENERATE_INFOPLIST_FILE = YES;
				INFOPLIST_FILE = Hw7/Info.plist;
				INFOPLIST_KEY_UIApplicationSupportsIndirectInputEvents = YES;
				INFOPLIST_KEY_UILaunchStoryboardName = LaunchScreen;
				INFOPLIST_KEY_UIMainStoryboardFile = Main;
				INFOPLIST_KEY_UISupportedInterfaceOrientations_iPad = "UIInterfaceOrientationPortrait UIInterfaceOrientationPortraitUpsideDown UIInterfaceOrientationLandscapeLeft UIInterfaceOrientationLandscapeRight";
				INFOPLIST_KEY_UISupportedInterfaceOrientations_iPhone = "UIInterfaceOrientationPortrait UIInterfaceOrientationLandscapeLeft UIInterfaceOrientationLandscapeRight";
				LD_RUNPATH_SEARCH_PATHS = (
					"$(inherited)",
					"@executable_path/Frameworks",
				);
				MARKETING_VERSION = 1.0;
				PRODUCT_BUNDLE_IDENTIFIER = by.sergeyuk.Hw7;
				PRODUCT_NAME = "$(TARGET_NAME)";
				SWIFT_EMIT_LOC_STRINGS = YES;
				SWIFT_VERSION = 5.0;
				TARGETED_DEVICE_FAMILY = "1,2";
			};
			name = Release;
		};
/* End XCBuildConfiguration section */

/* Begin XCConfigurationList section */
		63180E9227D23B05002BA4CE /* Build configuration list for PBXProject "Hw7" */ = {
			isa = XCConfigurationList;
			buildConfigurations = (
				63180EA927D23B08002BA4CE /* Debug */,
				63180EAA27D23B08002BA4CE /* Release */,
			);
			defaultConfigurationIsVisible = 0;
			defaultConfigurationName = Release;
		};
		63180EAB27D23B08002BA4CE /* Build configuration list for PBXNativeTarget "Hw7" */ = {
			isa = XCConfigurationList;
			buildConfigurations = (
				63180EAC27D23B08002BA4CE /* Debug */,
				63180EAD27D23B08002BA4CE /* Release */,
			);
			defaultConfigurationIsVisible = 0;
			defaultConfigurationName = Release;
		};
/* End XCConfigurationList section */
	};
	rootObject = 63180E8F27D23B05002BA4CE /* Project object */;
}
